// !$*UTF8*$!
{
	archiveVersion = 1;
	classes = {
	};
	objectVersion = 46;
	objects = {

/* Begin PBXBuildFile section */
		0B1508331C745A630096A640 /* AppDelegate.swift in Sources */ = {isa = PBXBuildFile; fileRef = 0B1508321C745A630096A640 /* AppDelegate.swift */; };
		0B1508351C745A630096A640 /* ViewController.swift in Sources */ = {isa = PBXBuildFile; fileRef = 0B1508341C745A630096A640 /* ViewController.swift */; };
		0B1508381C745A630096A640 /* Main.storyboard in Resources */ = {isa = PBXBuildFile; fileRef = 0B1508361C745A630096A640 /* Main.storyboard */; };
		0B15083A1C745A630096A640 /* Assets.xcassets in Resources */ = {isa = PBXBuildFile; fileRef = 0B1508391C745A630096A640 /* Assets.xcassets */; };
		0B15083D1C745A630096A640 /* LaunchScreen.storyboard in Resources */ = {isa = PBXBuildFile; fileRef = 0B15083B1C745A630096A640 /* LaunchScreen.storyboard */; };
		0BCA7D681C74688400E82FED /* TwitterClient.swift in Sources */ = {isa = PBXBuildFile; fileRef = 0BCA7D671C74688400E82FED /* TwitterClient.swift */; };
		0BCA7D6A1C7468C500E82FED /* User.swift in Sources */ = {isa = PBXBuildFile; fileRef = 0BCA7D691C7468C500E82FED /* User.swift */; };
		0BCA7D6C1C7468D000E82FED /* Tweet.swift in Sources */ = {isa = PBXBuildFile; fileRef = 0BCA7D6B1C7468D000E82FED /* Tweet.swift */; };
		0BCA7D6E1C74774900E82FED /* TweetsViewController.swift in Sources */ = {isa = PBXBuildFile; fileRef = 0BCA7D6D1C74774900E82FED /* TweetsViewController.swift */; };
		0BCA7D761C7821CF00E82FED /* TweetCell.swift in Sources */ = {isa = PBXBuildFile; fileRef = 0BCA7D751C7821CF00E82FED /* TweetCell.swift */; };
		0BCA7D781C78510F00E82FED /* DateManager.swift in Sources */ = {isa = PBXBuildFile; fileRef = 0BCA7D771C78510F00E82FED /* DateManager.swift */; };
		0BCA7D7B1C78640E00E82FED /* TweetDetailedViewController.swift in Sources */ = {isa = PBXBuildFile; fileRef = 0BCA7D791C78640E00E82FED /* TweetDetailedViewController.swift */; };
		0BCA7D7C1C78640E00E82FED /* TweetDetailedViewController.xib in Resources */ = {isa = PBXBuildFile; fileRef = 0BCA7D7A1C78640E00E82FED /* TweetDetailedViewController.xib */; };
		0BCA7D7E1C79131B00E82FED /* Constants.swift in Sources */ = {isa = PBXBuildFile; fileRef = 0BCA7D7D1C79131B00E82FED /* Constants.swift */; };
		0BCA7D811C794E8600E82FED /* ComposeViewController.swift in Sources */ = {isa = PBXBuildFile; fileRef = 0BCA7D7F1C794E8600E82FED /* ComposeViewController.swift */; };
		0BCA7D821C794E8600E82FED /* ComposeViewController.xib in Resources */ = {isa = PBXBuildFile; fileRef = 0BCA7D801C794E8600E82FED /* ComposeViewController.xib */; };
		0BF98B7D1C79A6DB0003435D /* GothamBold.ttf in Resources */ = {isa = PBXBuildFile; fileRef = 0BF98B791C79A6DB0003435D /* GothamBold.ttf */; };
		0BF98B7E1C79A6DB0003435D /* GothamBook.ttf in Resources */ = {isa = PBXBuildFile; fileRef = 0BF98B7A1C79A6DB0003435D /* GothamBook.ttf */; };
		0BF98B7F1C79A6DB0003435D /* GothamLight.ttf in Resources */ = {isa = PBXBuildFile; fileRef = 0BF98B7B1C79A6DB0003435D /* GothamLight.ttf */; };
		0BF98B801C79A6DB0003435D /* GothamMedium.ttf in Resources */ = {isa = PBXBuildFile; fileRef = 0BF98B7C1C79A6DB0003435D /* GothamMedium.ttf */; };
		0BF98B821C79B84A0003435D /* Utils.swift in Sources */ = {isa = PBXBuildFile; fileRef = 0BF98B811C79B84A0003435D /* Utils.swift */; };
		0BF98B841C7A8C860003435D /* InfiniteScrollActivityView.swift in Sources */ = {isa = PBXBuildFile; fileRef = 0BF98B831C7A8C860003435D /* InfiniteScrollActivityView.swift */; };
		0BF98B861C7AE41E0003435D /* Media.swift in Sources */ = {isa = PBXBuildFile; fileRef = 0BF98B851C7AE41D0003435D /* Media.swift */; };
		0BF98B8A1C8040040003435D /* MenuViewController.swift in Sources */ = {isa = PBXBuildFile; fileRef = 0BF98B881C8040040003435D /* MenuViewController.swift */; };
		0BF98B8B1C8040040003435D /* MenuViewController.xib in Resources */ = {isa = PBXBuildFile; fileRef = 0BF98B891C8040040003435D /* MenuViewController.xib */; };
		0BF98B8E1C8046770003435D /* MenuCell.swift in Sources */ = {isa = PBXBuildFile; fileRef = 0BF98B8C1C8046770003435D /* MenuCell.swift */; };
		0BF98B8F1C8046770003435D /* MenuCell.xib in Resources */ = {isa = PBXBuildFile; fileRef = 0BF98B8D1C8046770003435D /* MenuCell.xib */; };
		0BF98B921C8048150003435D /* HamburgerViewController.swift in Sources */ = {isa = PBXBuildFile; fileRef = 0BF98B901C8048150003435D /* HamburgerViewController.swift */; };
		0BF98B931C8048150003435D /* HamburgerViewController.xib in Resources */ = {isa = PBXBuildFile; fileRef = 0BF98B911C8048150003435D /* HamburgerViewController.xib */; };
		C332A8FAECE661CFFBFB4B01 /* Pods_HugoTwitter.framework in Frameworks */ = {isa = PBXBuildFile; fileRef = 12B6BFF481AB3C8C604C36B1 /* Pods_HugoTwitter.framework */; };
/* End PBXBuildFile section */

/* Begin PBXFileReference section */
		0B15082F1C745A630096A640 /* HugoTwitter.app */ = {isa = PBXFileReference; explicitFileType = wrapper.application; includeInIndex = 0; path = HugoTwitter.app; sourceTree = BUILT_PRODUCTS_DIR; };
		0B1508321C745A630096A640 /* AppDelegate.swift */ = {isa = PBXFileReference; lastKnownFileType = sourcecode.swift; path = AppDelegate.swift; sourceTree = "<group>"; };
		0B1508341C745A630096A640 /* ViewController.swift */ = {isa = PBXFileReference; lastKnownFileType = sourcecode.swift; path = ViewController.swift; sourceTree = "<group>"; };
		0B1508371C745A630096A640 /* Base */ = {isa = PBXFileReference; lastKnownFileType = file.storyboard; name = Base; path = Base.lproj/Main.storyboard; sourceTree = "<group>"; };
		0B1508391C745A630096A640 /* Assets.xcassets */ = {isa = PBXFileReference; lastKnownFileType = folder.assetcatalog; path = Assets.xcassets; sourceTree = "<group>"; };
		0B15083C1C745A630096A640 /* Base */ = {isa = PBXFileReference; lastKnownFileType = file.storyboard; name = Base; path = Base.lproj/LaunchScreen.storyboard; sourceTree = "<group>"; };
		0B15083E1C745A630096A640 /* Info.plist */ = {isa = PBXFileReference; lastKnownFileType = text.plist.xml; path = Info.plist; sourceTree = "<group>"; };
		0BCA7D621C74681C00E82FED /* HugoTwitter-Bridging-Header.h */ = {isa = PBXFileReference; lastKnownFileType = sourcecode.c.h; path = "HugoTwitter-Bridging-Header.h"; sourceTree = "<group>"; };
		0BCA7D671C74688400E82FED /* TwitterClient.swift */ = {isa = PBXFileReference; fileEncoding = 4; lastKnownFileType = sourcecode.swift; path = TwitterClient.swift; sourceTree = "<group>"; };
		0BCA7D691C7468C500E82FED /* User.swift */ = {isa = PBXFileReference; fileEncoding = 4; lastKnownFileType = sourcecode.swift; path = User.swift; sourceTree = "<group>"; };
		0BCA7D6B1C7468D000E82FED /* Tweet.swift */ = {isa = PBXFileReference; fileEncoding = 4; lastKnownFileType = sourcecode.swift; path = Tweet.swift; sourceTree = "<group>"; };
		0BCA7D6D1C74774900E82FED /* TweetsViewController.swift */ = {isa = PBXFileReference; fileEncoding = 4; lastKnownFileType = sourcecode.swift; path = TweetsViewController.swift; sourceTree = "<group>"; };
		0BCA7D751C7821CF00E82FED /* TweetCell.swift */ = {isa = PBXFileReference; fileEncoding = 4; lastKnownFileType = sourcecode.swift; path = TweetCell.swift; sourceTree = "<group>"; };
		0BCA7D771C78510F00E82FED /* DateManager.swift */ = {isa = PBXFileReference; fileEncoding = 4; lastKnownFileType = sourcecode.swift; path = DateManager.swift; sourceTree = "<group>"; };
		0BCA7D791C78640E00E82FED /* TweetDetailedViewController.swift */ = {isa = PBXFileReference; fileEncoding = 4; lastKnownFileType = sourcecode.swift; path = TweetDetailedViewController.swift; sourceTree = "<group>"; };
		0BCA7D7A1C78640E00E82FED /* TweetDetailedViewController.xib */ = {isa = PBXFileReference; fileEncoding = 4; lastKnownFileType = file.xib; path = TweetDetailedViewController.xib; sourceTree = "<group>"; };
		0BCA7D7D1C79131B00E82FED /* Constants.swift */ = {isa = PBXFileReference; fileEncoding = 4; lastKnownFileType = sourcecode.swift; path = Constants.swift; sourceTree = "<group>"; };
		0BCA7D7F1C794E8600E82FED /* ComposeViewController.swift */ = {isa = PBXFileReference; fileEncoding = 4; lastKnownFileType = sourcecode.swift; path = ComposeViewController.swift; sourceTree = "<group>"; };
		0BCA7D801C794E8600E82FED /* ComposeViewController.xib */ = {isa = PBXFileReference; fileEncoding = 4; lastKnownFileType = file.xib; path = ComposeViewController.xib; sourceTree = "<group>"; };
		0BF98B791C79A6DB0003435D /* GothamBold.ttf */ = {isa = PBXFileReference; lastKnownFileType = file; path = GothamBold.ttf; sourceTree = "<group>"; };
		0BF98B7A1C79A6DB0003435D /* GothamBook.ttf */ = {isa = PBXFileReference; lastKnownFileType = file; path = GothamBook.ttf; sourceTree = "<group>"; };
		0BF98B7B1C79A6DB0003435D /* GothamLight.ttf */ = {isa = PBXFileReference; lastKnownFileType = file; path = GothamLight.ttf; sourceTree = "<group>"; };
		0BF98B7C1C79A6DB0003435D /* GothamMedium.ttf */ = {isa = PBXFileReference; lastKnownFileType = file; path = GothamMedium.ttf; sourceTree = "<group>"; };
		0BF98B811C79B84A0003435D /* Utils.swift */ = {isa = PBXFileReference; fileEncoding = 4; lastKnownFileType = sourcecode.swift; path = Utils.swift; sourceTree = "<group>"; };
		0BF98B831C7A8C860003435D /* InfiniteScrollActivityView.swift */ = {isa = PBXFileReference; fileEncoding = 4; lastKnownFileType = sourcecode.swift; path = InfiniteScrollActivityView.swift; sourceTree = "<group>"; };
		0BF98B851C7AE41D0003435D /* Media.swift */ = {isa = PBXFileReference; fileEncoding = 4; lastKnownFileType = sourcecode.swift; path = Media.swift; sourceTree = "<group>"; };
		0BF98B881C8040040003435D /* MenuViewController.swift */ = {isa = PBXFileReference; fileEncoding = 4; lastKnownFileType = sourcecode.swift; path = MenuViewController.swift; sourceTree = "<group>"; };
		0BF98B891C8040040003435D /* MenuViewController.xib */ = {isa = PBXFileReference; fileEncoding = 4; lastKnownFileType = file.xib; path = MenuViewController.xib; sourceTree = "<group>"; };
		0BF98B8C1C8046770003435D /* MenuCell.swift */ = {isa = PBXFileReference; fileEncoding = 4; lastKnownFileType = sourcecode.swift; path = MenuCell.swift; sourceTree = "<group>"; };
		0BF98B8D1C8046770003435D /* MenuCell.xib */ = {isa = PBXFileReference; fileEncoding = 4; lastKnownFileType = file.xib; path = MenuCell.xib; sourceTree = "<group>"; };
		0BF98B901C8048150003435D /* HamburgerViewController.swift */ = {isa = PBXFileReference; fileEncoding = 4; lastKnownFileType = sourcecode.swift; path = HamburgerViewController.swift; sourceTree = "<group>"; };
		0BF98B911C8048150003435D /* HamburgerViewController.xib */ = {isa = PBXFileReference; fileEncoding = 4; lastKnownFileType = file.xib; path = HamburgerViewController.xib; sourceTree = "<group>"; };
		12B6BFF481AB3C8C604C36B1 /* Pods_HugoTwitter.framework */ = {isa = PBXFileReference; explicitFileType = wrapper.framework; includeInIndex = 0; path = Pods_HugoTwitter.framework; sourceTree = BUILT_PRODUCTS_DIR; };
		7A2E666C9F6480B96BBB813B /* Pods-HugoTwitter.debug.xcconfig */ = {isa = PBXFileReference; includeInIndex = 1; lastKnownFileType = text.xcconfig; name = "Pods-HugoTwitter.debug.xcconfig"; path = "Pods/Target Support Files/Pods-HugoTwitter/Pods-HugoTwitter.debug.xcconfig"; sourceTree = "<group>"; };
		83A2D03B661622B7834AEE28 /* Pods-HugoTwitter.release.xcconfig */ = {isa = PBXFileReference; includeInIndex = 1; lastKnownFileType = text.xcconfig; name = "Pods-HugoTwitter.release.xcconfig"; path = "Pods/Target Support Files/Pods-HugoTwitter/Pods-HugoTwitter.release.xcconfig"; sourceTree = "<group>"; };
/* End PBXFileReference section */

/* Begin PBXFrameworksBuildPhase section */
		0B15082C1C745A630096A640 /* Frameworks */ = {
			isa = PBXFrameworksBuildPhase;
			buildActionMask = 2147483647;
			files = (
				C332A8FAECE661CFFBFB4B01 /* Pods_HugoTwitter.framework in Frameworks */,
			);
			runOnlyForDeploymentPostprocessing = 0;
		};
/* End PBXFrameworksBuildPhase section */

/* Begin PBXGroup section */
		0636A9921825B480D6609941 /* Pods */ = {
			isa = PBXGroup;
			children = (
				7A2E666C9F6480B96BBB813B /* Pods-HugoTwitter.debug.xcconfig */,
				83A2D03B661622B7834AEE28 /* Pods-HugoTwitter.release.xcconfig */,
			);
			name = Pods;
			sourceTree = "<group>";
		};
		0B1508261C745A630096A640 = {
			isa = PBXGroup;
			children = (
				0BF98B871C802F3B0003435D /* GothamFont */,
				0B1508311C745A630096A640 /* HugoTwitter */,
				0B1508301C745A630096A640 /* Products */,
				0636A9921825B480D6609941 /* Pods */,
				E796EDECBDBF56B6F471D1A2 /* Frameworks */,
			);
			sourceTree = "<group>";
		};
		0B1508301C745A630096A640 /* Products */ = {
			isa = PBXGroup;
			children = (
				0B15082F1C745A630096A640 /* HugoTwitter.app */,
			);
			name = Products;
			sourceTree = "<group>";
		};
		0B1508311C745A630096A640 /* HugoTwitter */ = {
			isa = PBXGroup;
			children = (
				0BCA7D6F1C77004C00E82FED /* Views */,
				0BCA7D741C77009100E82FED /* ViewControllers */,
				0BCA7D661C74685E00E82FED /* Models */,
				0BCA7D651C74685800E82FED /* API */,
				0B1508321C745A630096A640 /* AppDelegate.swift */,
				0B1508391C745A630096A640 /* Assets.xcassets */,
				0B15083B1C745A630096A640 /* LaunchScreen.storyboard */,
				0B15083E1C745A630096A640 /* Info.plist */,
				0BCA7D621C74681C00E82FED /* HugoTwitter-Bridging-Header.h */,
				0BCA7D7D1C79131B00E82FED /* Constants.swift */,
				0BF98B811C79B84A0003435D /* Utils.swift */,
				0BF98B831C7A8C860003435D /* InfiniteScrollActivityView.swift */,
			);
			path = HugoTwitter;
			sourceTree = "<group>";
		};
		0BCA7D651C74685800E82FED /* API */ = {
			isa = PBXGroup;
			children = (
				0BCA7D671C74688400E82FED /* TwitterClient.swift */,
				0BCA7D771C78510F00E82FED /* DateManager.swift */,
			);
			name = API;
			sourceTree = "<group>";
		};
		0BCA7D661C74685E00E82FED /* Models */ = {
			isa = PBXGroup;
			children = (
				0BCA7D691C7468C500E82FED /* User.swift */,
				0BCA7D6B1C7468D000E82FED /* Tweet.swift */,
				0BF98B851C7AE41D0003435D /* Media.swift */,
			);
			name = Models;
			sourceTree = "<group>";
		};
		0BCA7D6F1C77004C00E82FED /* Views */ = {
			isa = PBXGroup;
			children = (
				0BCA7D801C794E8600E82FED /* ComposeViewController.xib */,
				0BCA7D7A1C78640E00E82FED /* TweetDetailedViewController.xib */,
				0B1508361C745A630096A640 /* Main.storyboard */,
				0BF98B8D1C8046770003435D /* MenuCell.xib */,
				0BF98B891C8040040003435D /* MenuViewController.xib */,
				0BF98B911C8048150003435D /* HamburgerViewController.xib */,
			);
			name = Views;
			sourceTree = "<group>";
		};
		0BCA7D741C77009100E82FED /* ViewControllers */ = {
			isa = PBXGroup;
			children = (
				0BCA7D7F1C794E8600E82FED /* ComposeViewController.swift */,
				0B1508341C745A630096A640 /* ViewController.swift */,
				0BCA7D751C7821CF00E82FED /* TweetCell.swift */,
				0BCA7D6D1C74774900E82FED /* TweetsViewController.swift */,
				0BCA7D791C78640E00E82FED /* TweetDetailedViewController.swift */,
				0BF98B8C1C8046770003435D /* MenuCell.swift */,
				0BF98B881C8040040003435D /* MenuViewController.swift */,
				0BF98B901C8048150003435D /* HamburgerViewController.swift */,
			);
			name = ViewControllers;
			sourceTree = "<group>";
		};
		0BF98B871C802F3B0003435D /* GothamFont */ = {
			isa = PBXGroup;
			children = (
				0BF98B791C79A6DB0003435D /* GothamBold.ttf */,
				0BF98B7A1C79A6DB0003435D /* GothamBook.ttf */,
				0BF98B7B1C79A6DB0003435D /* GothamLight.ttf */,
				0BF98B7C1C79A6DB0003435D /* GothamMedium.ttf */,
			);
			name = GothamFont;
			sourceTree = "<group>";
		};
		E796EDECBDBF56B6F471D1A2 /* Frameworks */ = {
			isa = PBXGroup;
			children = (
				12B6BFF481AB3C8C604C36B1 /* Pods_HugoTwitter.framework */,
			);
			name = Frameworks;
			sourceTree = "<group>";
		};
/* End PBXGroup section */

/* Begin PBXNativeTarget section */
		0B15082E1C745A630096A640 /* HugoTwitter */ = {
			isa = PBXNativeTarget;
			buildConfigurationList = 0B1508411C745A630096A640 /* Build configuration list for PBXNativeTarget "HugoTwitter" */;
			buildPhases = (
				98D58BFFEE33AB69ED25F6F6 /* Check Pods Manifest.lock */,
				0B15082B1C745A630096A640 /* Sources */,
				0B15082C1C745A630096A640 /* Frameworks */,
				0B15082D1C745A630096A640 /* Resources */,
				59FA5D9CFA25A0FE6C9B431A /* Embed Pods Frameworks */,
				B9045A1C720BB8DD35932655 /* Copy Pods Resources */,
			);
			buildRules = (
			);
			dependencies = (
			);
			name = HugoTwitter;
			productName = HugoTwitter;
			productReference = 0B15082F1C745A630096A640 /* HugoTwitter.app */;
			productType = "com.apple.product-type.application";
		};
/* End PBXNativeTarget section */

/* Begin PBXProject section */
		0B1508271C745A630096A640 /* Project object */ = {
			isa = PBXProject;
			attributes = {
				LastSwiftUpdateCheck = 0720;
				LastUpgradeCheck = 0720;
				ORGANIZATIONNAME = "Hugo Nguyen";
				TargetAttributes = {
					0B15082E1C745A630096A640 = {
						CreatedOnToolsVersion = 7.2;
						DevelopmentTeam = 866334M537;
					};
				};
			};
			buildConfigurationList = 0B15082A1C745A630096A640 /* Build configuration list for PBXProject "HugoTwitter" */;
			compatibilityVersion = "Xcode 3.2";
			developmentRegion = English;
			hasScannedForEncodings = 0;
			knownRegions = (
				en,
				Base,
			);
			mainGroup = 0B1508261C745A630096A640;
			productRefGroup = 0B1508301C745A630096A640 /* Products */;
			projectDirPath = "";
			projectRoot = "";
			targets = (
				0B15082E1C745A630096A640 /* HugoTwitter */,
			);
		};
/* End PBXProject section */

/* Begin PBXResourcesBuildPhase section */
		0B15082D1C745A630096A640 /* Resources */ = {
			isa = PBXResourcesBuildPhase;
			buildActionMask = 2147483647;
			files = (
				0BCA7D7C1C78640E00E82FED /* TweetDetailedViewController.xib in Resources */,
				0B15083D1C745A630096A640 /* LaunchScreen.storyboard in Resources */,
				0B15083A1C745A630096A640 /* Assets.xcassets in Resources */,
				0BF98B7F1C79A6DB0003435D /* GothamLight.ttf in Resources */,
				0BF98B931C8048150003435D /* HamburgerViewController.xib in Resources */,
				0BCA7D821C794E8600E82FED /* ComposeViewController.xib in Resources */,
				0BF98B8F1C8046770003435D /* MenuCell.xib in Resources */,
				0B1508381C745A630096A640 /* Main.storyboard in Resources */,
				0BF98B801C79A6DB0003435D /* GothamMedium.ttf in Resources */,
				0BF98B8B1C8040040003435D /* MenuViewController.xib in Resources */,
				0BF98B7D1C79A6DB0003435D /* GothamBold.ttf in Resources */,
				0BF98B7E1C79A6DB0003435D /* GothamBook.ttf in Resources */,
			);
			runOnlyForDeploymentPostprocessing = 0;
		};
/* End PBXResourcesBuildPhase section */

/* Begin PBXShellScriptBuildPhase section */
		59FA5D9CFA25A0FE6C9B431A /* Embed Pods Frameworks */ = {
			isa = PBXShellScriptBuildPhase;
			buildActionMask = 2147483647;
			files = (
			);
			inputPaths = (
			);
			name = "Embed Pods Frameworks";
			outputPaths = (
			);
			runOnlyForDeploymentPostprocessing = 0;
			shellPath = /bin/sh;
			shellScript = "\"${SRCROOT}/Pods/Target Support Files/Pods-HugoTwitter/Pods-HugoTwitter-frameworks.sh\"\n";
			showEnvVarsInLog = 0;
		};
		98D58BFFEE33AB69ED25F6F6 /* Check Pods Manifest.lock */ = {
			isa = PBXShellScriptBuildPhase;
			buildActionMask = 2147483647;
			files = (
			);
			inputPaths = (
			);
			name = "Check Pods Manifest.lock";
			outputPaths = (
			);
			runOnlyForDeploymentPostprocessing = 0;
			shellPath = /bin/sh;
			shellScript = "diff \"${PODS_ROOT}/../Podfile.lock\" \"${PODS_ROOT}/Manifest.lock\" > /dev/null\nif [[ $? != 0 ]] ; then\n    cat << EOM\nerror: The sandbox is not in sync with the Podfile.lock. Run 'pod install' or update your CocoaPods installation.\nEOM\n    exit 1\nfi\n";
			showEnvVarsInLog = 0;
		};
		B9045A1C720BB8DD35932655 /* Copy Pods Resources */ = {
			isa = PBXShellScriptBuildPhase;
			buildActionMask = 2147483647;
			files = (
			);
			inputPaths = (
			);
			name = "Copy Pods Resources";
			outputPaths = (
			);
			runOnlyForDeploymentPostprocessing = 0;
			shellPath = /bin/sh;
			shellScript = "\"${SRCROOT}/Pods/Target Support Files/Pods-HugoTwitter/Pods-HugoTwitter-resources.sh\"\n";
			showEnvVarsInLog = 0;
		};
/* End PBXShellScriptBuildPhase section */

/* Begin PBXSourcesBuildPhase section */
		0B15082B1C745A630096A640 /* Sources */ = {
			isa = PBXSourcesBuildPhase;
			buildActionMask = 2147483647;
			files = (
				0BF98B921C8048150003435D /* HamburgerViewController.swift in Sources */,
				0BCA7D7B1C78640E00E82FED /* TweetDetailedViewController.swift in Sources */,
				0BF98B8A1C8040040003435D /* MenuViewController.swift in Sources */,
				0BF98B841C7A8C860003435D /* InfiniteScrollActivityView.swift in Sources */,
				0BF98B861C7AE41E0003435D /* Media.swift in Sources */,
				0BCA7D6A1C7468C500E82FED /* User.swift in Sources */,
				0BCA7D761C7821CF00E82FED /* TweetCell.swift in Sources */,
				0BCA7D6C1C7468D000E82FED /* Tweet.swift in Sources */,
				0BCA7D6E1C74774900E82FED /* TweetsViewController.swift in Sources */,
				0BCA7D7E1C79131B00E82FED /* Constants.swift in Sources */,
				0BCA7D811C794E8600E82FED /* ComposeViewController.swift in Sources */,
				0B1508351C745A630096A640 /* ViewController.swift in Sources */,
				0BCA7D781C78510F00E82FED /* DateManager.swift in Sources */,
				0BCA7D681C74688400E82FED /* TwitterClient.swift in Sources */,
				0B1508331C745A630096A640 /* AppDelegate.swift in Sources */,
				0BF98B8E1C8046770003435D /* MenuCell.swift in Sources */,
				0BF98B821C79B84A0003435D /* Utils.swift in Sources */,
			);
			runOnlyForDeploymentPostprocessing = 0;
		};
/* End PBXSourcesBuildPhase section */

/* Begin PBXVariantGroup section */
		0B1508361C745A630096A640 /* Main.storyboard */ = {
			isa = PBXVariantGroup;
			children = (
				0B1508371C745A630096A640 /* Base */,
			);
			name = Main.storyboard;
			sourceTree = "<group>";
		};
		0B15083B1C745A630096A640 /* LaunchScreen.storyboard */ = {
			isa = PBXVariantGroup;
			children = (
				0B15083C1C745A630096A640 /* Base */,
			);
			name = LaunchScreen.storyboard;
			sourceTree = "<group>";
		};
/* End PBXVariantGroup section */

/* Begin XCBuildConfiguration section */
		0B15083F1C745A630096A640 /* Debug */ = {
			isa = XCBuildConfiguration;
			buildSettings = {
				ALWAYS_SEARCH_USER_PATHS = NO;
				CLANG_CXX_LANGUAGE_STANDARD = "gnu++0x";
				CLANG_CXX_LIBRARY = "libc++";
				CLANG_ENABLE_MODULES = YES;
				CLANG_ENABLE_OBJC_ARC = YES;
				CLANG_WARN_BOOL_CONVERSION = YES;
				CLANG_WARN_CONSTANT_CONVERSION = YES;
				CLANG_WARN_DIRECT_OBJC_ISA_USAGE = YES_ERROR;
				CLANG_WARN_EMPTY_BODY = YES;
				CLANG_WARN_ENUM_CONVERSION = YES;
				CLANG_WARN_INT_CONVERSION = YES;
				CLANG_WARN_OBJC_ROOT_CLASS = YES_ERROR;
				CLANG_WARN_UNREACHABLE_CODE = YES;
				CLANG_WARN__DUPLICATE_METHOD_MATCH = YES;
				"CODE_SIGN_IDENTITY[sdk=iphoneos*]" = "iPhone Developer";
				COPY_PHASE_STRIP = NO;
				DEBUG_INFORMATION_FORMAT = dwarf;
				ENABLE_STRICT_OBJC_MSGSEND = YES;
				ENABLE_TESTABILITY = YES;
				GCC_C_LANGUAGE_STANDARD = gnu99;
				GCC_DYNAMIC_NO_PIC = NO;
				GCC_NO_COMMON_BLOCKS = YES;
				GCC_OPTIMIZATION_LEVEL = 0;
				GCC_PREPROCESSOR_DEFINITIONS = (
					"DEBUG=1",
					"$(inherited)",
				);
				GCC_WARN_64_TO_32_BIT_CONVERSION = YES;
				GCC_WARN_ABOUT_RETURN_TYPE = YES_ERROR;
				GCC_WARN_UNDECLARED_SELECTOR = YES;
				GCC_WARN_UNINITIALIZED_AUTOS = YES_AGGRESSIVE;
				GCC_WARN_UNUSED_FUNCTION = YES;
				GCC_WARN_UNUSED_VARIABLE = YES;
				IPHONEOS_DEPLOYMENT_TARGET = 9.2;
				MTL_ENABLE_DEBUG_INFO = YES;
				ONLY_ACTIVE_ARCH = YES;
				SDKROOT = iphoneos;
				SWIFT_OPTIMIZATION_LEVEL = "-Onone";
				TARGETED_DEVICE_FAMILY = "1,2";
			};
			name = Debug;
		};
		0B1508401C745A630096A640 /* Release */ = {
			isa = XCBuildConfiguration;
			buildSettings = {
				ALWAYS_SEARCH_USER_PATHS = NO;
				CLANG_CXX_LANGUAGE_STANDARD = "gnu++0x";
				CLANG_CXX_LIBRARY = "libc++";
				CLANG_ENABLE_MODULES = YES;
				CLANG_ENABLE_OBJC_ARC = YES;
				CLANG_WARN_BOOL_CONVERSION = YES;
				CLANG_WARN_CONSTANT_CONVERSION = YES;
				CLANG_WARN_DIRECT_OBJC_ISA_USAGE = YES_ERROR;
				CLANG_WARN_EMPTY_BODY = YES;
				CLANG_WARN_ENUM_CONVERSION = YES;
				CLANG_WARN_INT_CONVERSION = YES;
				CLANG_WARN_OBJC_ROOT_CLASS = YES_ERROR;
				CLANG_WARN_UNREACHABLE_CODE = YES;
				CLANG_WARN__DUPLICATE_METHOD_MATCH = YES;
				"CODE_SIGN_IDENTITY[sdk=iphoneos*]" = "iPhone Developer";
				COPY_PHASE_STRIP = NO;
				DEBUG_INFORMATION_FORMAT = "dwarf-with-dsym";
				ENABLE_NS_ASSERTIONS = NO;
				ENABLE_STRICT_OBJC_MSGSEND = YES;
				GCC_C_LANGUAGE_STANDARD = gnu99;
				GCC_NO_COMMON_BLOCKS = YES;
				GCC_WARN_64_TO_32_BIT_CONVERSION = YES;
				GCC_WARN_ABOUT_RETURN_TYPE = YES_ERROR;
				GCC_WARN_UNDECLARED_SELECTOR = YES;
				GCC_WARN_UNINITIALIZED_AUTOS = YES_AGGRESSIVE;
				GCC_WARN_UNUSED_FUNCTION = YES;
				GCC_WARN_UNUSED_VARIABLE = YES;
				IPHONEOS_DEPLOYMENT_TARGET = 9.2;
				MTL_ENABLE_DEBUG_INFO = NO;
				SDKROOT = iphoneos;
				TARGETED_DEVICE_FAMILY = "1,2";
				VALIDATE_PRODUCT = YES;
			};
			name = Release;
		};
		0B1508421C745A630096A640 /* Debug */ = {
			isa = XCBuildConfiguration;
			baseConfigurationReference = 7A2E666C9F6480B96BBB813B /* Pods-HugoTwitter.debug.xcconfig */;
			buildSettings = {
				ASSETCATALOG_COMPILER_APPICON_NAME = AppIcon;
				CLANG_ENABLE_MODULES = YES;
				INFOPLIST_FILE = HugoTwitter/Info.plist;
				LD_RUNPATH_SEARCH_PATHS = "$(inherited) @executable_path/Frameworks";
				PRODUCT_BUNDLE_IDENTIFIER = com.codepath.HugoTwitter;
				PRODUCT_NAME = "$(TARGET_NAME)";
				SWIFT_OBJC_BRIDGING_HEADER = "HugoTwitter/HugoTwitter-Bridging-Header.h";
				SWIFT_OPTIMIZATION_LEVEL = "-Onone";
			};
			name = Debug;
		};
		0B1508431C745A630096A640 /* Release */ = {
			isa = XCBuildConfiguration;
			baseConfigurationReference = 83A2D03B661622B7834AEE28 /* Pods-HugoTwitter.release.xcconfig */;
			buildSettings = {
				ASSETCATALOG_COMPILER_APPICON_NAME = AppIcon;
				CLANG_ENABLE_MODULES = YES;
				INFOPLIST_FILE = HugoTwitter/Info.plist;
				LD_RUNPATH_SEARCH_PATHS = "$(inherited) @executable_path/Frameworks";
				PRODUCT_BUNDLE_IDENTIFIER = com.codepath.HugoTwitter;
				PRODUCT_NAME = "$(TARGET_NAME)";
				SWIFT_OBJC_BRIDGING_HEADER = "HugoTwitter/HugoTwitter-Bridging-Header.h";
			};
			name = Release;
		};
/* End XCBuildConfiguration section */

/* Begin XCConfigurationList section */
		0B15082A1C745A630096A640 /* Build configuration list for PBXProject "HugoTwitter" */ = {
			isa = XCConfigurationList;
			buildConfigurations = (
				0B15083F1C745A630096A640 /* Debug */,
				0B1508401C745A630096A640 /* Release */,
			);
			defaultConfigurationIsVisible = 0;
			defaultConfigurationName = Release;
		};
		0B1508411C745A630096A640 /* Build configuration list for PBXNativeTarget "HugoTwitter" */ = {
			isa = XCConfigurationList;
			buildConfigurations = (
				0B1508421C745A630096A640 /* Debug */,
				0B1508431C745A630096A640 /* Release */,
			);
			defaultConfigurationIsVisible = 0;
			defaultConfigurationName = Release;
		};
/* End XCConfigurationList section */
	};
	rootObject = 0B1508271C745A630096A640 /* Project object */;
}
